<?xml version="1.0" encoding="utf-8"?>
<Project ToolsVersion="4.0" xmlns="http://schemas.microsoft.com/developer/msbuild/2003">
  <ItemGroup>
    <Filter Include="Source Files">
      <UniqueIdentifier>{4FC737F1-C7A5-4376-A066-2A32D752A2FF}</UniqueIdentifier>
      <Extensions>cpp;c;cc;cxx;def;odl;idl;hpj;bat;asm;asmx</Extensions>
    </Filter>
    <Filter Include="Header Files">
      <UniqueIdentifier>{93995380-89BD-4b04-88EB-625FBE52EBFB}</UniqueIdentifier>
      <Extensions>h;hh;hpp;hxx;hm;inl;inc;ipp;xsd</Extensions>
    </Filter>
    <Filter Include="Resource Files">
      <UniqueIdentifier>{67DA6AB6-F800-4c08-8B7A-83BB121AAD01}</UniqueIdentifier>
      <Extensions>rc;ico;cur;bmp;dlg;rc2;rct;bin;rgs;gif;jpg;jpeg;jpe;resx;tiff;tif;png;wav;mfcribbon-ms</Extensions>
    </Filter>
    <Filter Include="Header Files\DataStructures">
      <UniqueIdentifier>{75f749a8-71f8-4468-ac0c-89dcfcd09599}</UniqueIdentifier>
    </Filter>
    <Filter Include="Header Files\Algorithms">
      <UniqueIdentifier>{f52d3c0b-6530-4919-bd53-d2fbda922e85}</UniqueIdentifier>
    </Filter>
    <Filter Include="Source Files\Algorithms">
      <UniqueIdentifier>{10d2ee37-0230-4f6a-b548-092780985ad2}</UniqueIdentifier>
    </Filter>
    <Filter Include="Header Files\Algorithms\Sorting">
      <UniqueIdentifier>{6c76f541-d700-439d-9282-469026f9266c}</UniqueIdentifier>
    </Filter>
    <Filter Include="Source Files\Algorithms\Sorting">
      <UniqueIdentifier>{1fcf2ec7-e986-4744-b35f-c0f46dfd8f04}</UniqueIdentifier>
    </Filter>
    <Filter Include="Source Files\DataStructures">
      <UniqueIdentifier>{3c1eb11c-4f6f-462d-b908-dfdf315cc28f}</UniqueIdentifier>
    </Filter>
    <Filter Include="Header Files\Statistics">
      <UniqueIdentifier>{93d33b69-c4d6-460d-8d54-0d259de62ec5}</UniqueIdentifier>
    </Filter>
    <Filter Include="Source Files\Statistics">
      <UniqueIdentifier>{bef49aed-9165-479a-abd4-ae475c22d716}</UniqueIdentifier>
    </Filter>
  </ItemGroup>
  <ItemGroup>
    <ClCompile Include="Main.c">
      <Filter>Source Files</Filter>
    </ClCompile>
    <ClCompile Include="Utils.c">
      <Filter>Source Files\Algorithms</Filter>
    </ClCompile>
    <ClCompile Include="Array.c">
      <Filter>Source Files\DataStructures</Filter>
    </ClCompile>
    <ClCompile Include="BubbleSort.c">
      <Filter>Source Files\Algorithms\Sorting</Filter>
    </ClCompile>
    <ClCompile Include="Statistics.c">
      <Filter>Source Files\Statistics</Filter>
    </ClCompile>
    <ClCompile Include="SelectionSort.c">
      <Filter>Source Files\Algorithms\Sorting</Filter>
    </ClCompile>
    <ClCompile Include="InsertionSort.c">
      <Filter>Source Files\Algorithms\Sorting</Filter>
    </ClCompile>
    <ClCompile Include="HeapSort.c">
      <Filter>Source Files\Algorithms\Sorting</Filter>
    </ClCompile>
  </ItemGroup>
  <ItemGroup>
    <ClInclude Include="Utils.h">
      <Filter>Header Files\Algorithms</Filter>
    </ClInclude>
    <ClInclude Include="Array.h">
      <Filter>Header Files\DataStructures</Filter>
    </ClInclude>
    <ClInclude Include="BubbleSort.h">
      <Filter>Header Files\Algorithms\Sorting</Filter>
    </ClInclude>
    <ClInclude Include="Statistics.h">
      <Filter>Header Files\Statistics</Filter>
    </ClInclude>
    <ClInclude Include="SelectionSort.h">
      <Filter>Header Files\Algorithms\Sorting</Filter>
    </ClInclude>
    <ClInclude Include="InsertionSort.h">
      <Filter>Header Files\Algorithms\Sorting</Filter>
    </ClInclude>
    <ClInclude Include="HeapSort.h">
      <Filter>Header Files\Algorithms\Sorting</Filter>
    </ClInclude>
  </ItemGroup>
</Project>